
Microsoft Visual Studio Solution File, Format Version 12.00
# Visual Studio 14
VisualStudioVersion = 14.0.25420.1
MinimumVisualStudioVersion = 10.0.40219.1
Project("{8BB2217D-0F2D-49D1-97BC-3654ED321F3B}") = "System.Collections.Concurrent.WindowsCE", "src\System.Collections.Concurrent.WindowsCE\System.Collections.Concurrent.WindowsCE.xproj", "{07C8524E-0F38-4298-AAC6-806A4F7D6424}"
EndProject
Project("{2150E333-8FDC-42A3-9474-1A3956D46DE8}") = "Solution Items", "Solution Items", "{87647B08-2B9D-4B67-AC60-21ABEF50316E}"
	ProjectSection(SolutionItems) = preProject
		System.Collections.Concurrent.WindowsCE.nuspec = System.Collections.Concurrent.WindowsCE.nuspec
	EndProjectSection
EndProject
Project("{2150E333-8FDC-42A3-9474-1A3956D46DE8}") = "test", "test", "{EC144E13-A677-4D12-9F6C-473BCE529E2E}"
EndProject
Project("{FAE04EC0-301F-11D3-BF4B-00C04F79EFBC}") = "Concurrent.Tests", "test\Concurrent.Tests\Concurrent.Tests.csproj", "{1F117C36-5B92-4EB7-9C5C-94D04BC58575}"
EndProject
Global
	GlobalSection(SolutionConfigurationPlatforms) = preSolution
		Debug|Any CPU = Debug|Any CPU
		Release|Any CPU = Release|Any CPU
	EndGlobalSection
	GlobalSection(ProjectConfigurationPlatforms) = postSolution
		{07C8524E-0F38-4298-AAC6-806A4F7D6424}.Debug|Any CPU.ActiveCfg = Debug|Any CPU
		{07C8524E-0F38-4298-AAC6-806A4F7D6424}.Debug|Any CPU.Build.0 = Debug|Any CPU
		{07C8524E-0F38-4298-AAC6-806A4F7D6424}.Release|Any CPU.ActiveCfg = Release|Any CPU
		{07C8524E-0F38-4298-AAC6-806A4F7D6424}.Release|Any CPU.Build.0 = Release|Any CPU
		{1F117C36-5B92-4EB7-9C5C-94D04BC58575}.Debug|Any CPU.ActiveCfg = Debug|Any CPU
		{1F117C36-5B92-4EB7-9C5C-94D04BC58575}.Debug|Any CPU.Build.0 = Debug|Any CPU
		{1F117C36-5B92-4EB7-9C5C-94D04BC58575}.Release|Any CPU.ActiveCfg = Release|Any CPU
		{1F117C36-5B92-4EB7-9C5C-94D04BC58575}.Release|Any CPU.Build.0 = Release|Any CPU
	EndGlobalSection
	GlobalSection(SolutionProperties) = preSolution
		HideSolutionNode = FALSE
	EndGlobalSection
	GlobalSection(NestedProjects) = preSolution
		{1F117C36-5B92-4EB7-9C5C-94D04BC58575} = {EC144E13-A677-4D12-9F6C-473BCE529E2E}
	EndGlobalSection
EndGlobal
